// !$*UTF8*$!
{
	archiveVersion = 1;
	classes = {
	};
	objectVersion = 46;
	objects = {

/* Begin PBXBuildFile section */
		CD4927F31846C2D500E28B9A /* BZHTTPRequestOperation.m in Sources */ = {isa = PBXBuildFile; fileRef = CD4927F21846C2D500E28B9A /* BZHTTPRequestOperation.m */; };
		CD4927F61846D22500E28B9A /* RKViewController.m in Sources */ = {isa = PBXBuildFile; fileRef = CD4927F51846D22500E28B9A /* RKViewController.m */; };
		CD992FE218440D3D005B962D /* buzzClient-noncompat.p12 in Resources */ = {isa = PBXBuildFile; fileRef = CD992FDC18440D3D005B962D /* buzzClient-noncompat.p12 */; };
		CD992FE318440D3D005B962D /* buzzClient.crt in Resources */ = {isa = PBXBuildFile; fileRef = CD992FDD18440D3D005B962D /* buzzClient.crt */; };
		CD992FE418440D3D005B962D /* buzzClient.csr in Resources */ = {isa = PBXBuildFile; fileRef = CD992FDE18440D3D005B962D /* buzzClient.csr */; };
		CD992FE518440D3D005B962D /* buzzClient.key in Resources */ = {isa = PBXBuildFile; fileRef = CD992FDF18440D3D005B962D /* buzzClient.key */; };
		CD992FE618440D3D005B962D /* buzzClient.p12 in Resources */ = {isa = PBXBuildFile; fileRef = CD992FE018440D3D005B962D /* buzzClient.p12 */; };
		CD992FE718440D3D005B962D /* buzzClient.pem in Resources */ = {isa = PBXBuildFile; fileRef = CD992FE118440D3D005B962D /* buzzClient.pem */; };
		CD992FEB1844C906005B962D /* buzzServer.der in Resources */ = {isa = PBXBuildFile; fileRef = CD992FEA1844C906005B962D /* buzzServer.der */; };
		CDB292B4184765D400415EBA /* BZUser.m in Sources */ = {isa = PBXBuildFile; fileRef = CDB292B3184765D400415EBA /* BZUser.m */; };
		CDB292B71847733E00415EBA /* MappingProvider.m in Sources */ = {isa = PBXBuildFile; fileRef = CDB292B61847733E00415EBA /* MappingProvider.m */; };
		CDFD35E9182E628300305665 /* Foundation.framework in Frameworks */ = {isa = PBXBuildFile; fileRef = CDFD35E8182E628300305665 /* Foundation.framework */; };
		CDFD35EB182E628300305665 /* CoreGraphics.framework in Frameworks */ = {isa = PBXBuildFile; fileRef = CDFD35EA182E628300305665 /* CoreGraphics.framework */; };
		CDFD35ED182E628300305665 /* UIKit.framework in Frameworks */ = {isa = PBXBuildFile; fileRef = CDFD35EC182E628300305665 /* UIKit.framework */; };
		CDFD35F3182E628300305665 /* InfoPlist.strings in Resources */ = {isa = PBXBuildFile; fileRef = CDFD35F1182E628300305665 /* InfoPlist.strings */; };
		CDFD35F5182E628300305665 /* main.m in Sources */ = {isa = PBXBuildFile; fileRef = CDFD35F4182E628300305665 /* main.m */; };
		CDFD35F9182E628300305665 /* AppDelegate.m in Sources */ = {isa = PBXBuildFile; fileRef = CDFD35F8182E628300305665 /* AppDelegate.m */; };
		CDFD35FC182E628300305665 /* Main.storyboard in Resources */ = {isa = PBXBuildFile; fileRef = CDFD35FA182E628300305665 /* Main.storyboard */; };
		CDFD35FF182E628300305665 /* ViewController.m in Sources */ = {isa = PBXBuildFile; fileRef = CDFD35FE182E628300305665 /* ViewController.m */; };
		CDFD3601182E628300305665 /* Images.xcassets in Resources */ = {isa = PBXBuildFile; fileRef = CDFD3600182E628300305665 /* Images.xcassets */; };
		CDFD3608182E628300305665 /* XCTest.framework in Frameworks */ = {isa = PBXBuildFile; fileRef = CDFD3607182E628300305665 /* XCTest.framework */; };
		CDFD3609182E628300305665 /* Foundation.framework in Frameworks */ = {isa = PBXBuildFile; fileRef = CDFD35E8182E628300305665 /* Foundation.framework */; };
		CDFD360A182E628300305665 /* UIKit.framework in Frameworks */ = {isa = PBXBuildFile; fileRef = CDFD35EC182E628300305665 /* UIKit.framework */; };
		CDFD3612182E628300305665 /* InfoPlist.strings in Resources */ = {isa = PBXBuildFile; fileRef = CDFD3610182E628300305665 /* InfoPlist.strings */; };
		CDFD3614182E628300305665 /* MutualAuthTestHarnessTests.m in Sources */ = {isa = PBXBuildFile; fileRef = CDFD3613182E628300305665 /* MutualAuthTestHarnessTests.m */; };
		F9367FA6608349BDAB6189BD /* libPods.a in Frameworks */ = {isa = PBXBuildFile; fileRef = A61059D6CE854CE1B1F17C9D /* libPods.a */; };
/* End PBXBuildFile section */

/* Begin PBXContainerItemProxy section */
		CDFD360B182E628300305665 /* PBXContainerItemProxy */ = {
			isa = PBXContainerItemProxy;
			containerPortal = CDFD35DD182E628300305665 /* Project object */;
			proxyType = 1;
			remoteGlobalIDString = CDFD35E4182E628300305665;
			remoteInfo = MutualAuthTestHarness;
		};
/* End PBXContainerItemProxy section */

/* Begin PBXFileReference section */
		8039E7AFDBB24DB7AF994D76 /* Pods.xcconfig */ = {isa = PBXFileReference; includeInIndex = 1; lastKnownFileType = text.xcconfig; name = Pods.xcconfig; path = Pods/Pods.xcconfig; sourceTree = "<group>"; };
		A61059D6CE854CE1B1F17C9D /* libPods.a */ = {isa = PBXFileReference; explicitFileType = archive.ar; includeInIndex = 0; path = libPods.a; sourceTree = BUILT_PRODUCTS_DIR; };
		CD4927F11846C2D500E28B9A /* BZHTTPRequestOperation.h */ = {isa = PBXFileReference; fileEncoding = 4; lastKnownFileType = sourcecode.c.h; path = BZHTTPRequestOperation.h; sourceTree = "<group>"; };
		CD4927F21846C2D500E28B9A /* BZHTTPRequestOperation.m */ = {isa = PBXFileReference; fileEncoding = 4; lastKnownFileType = sourcecode.c.objc; path = BZHTTPRequestOperation.m; sourceTree = "<group>"; };
		CD4927F41846D22500E28B9A /* RKViewController.h */ = {isa = PBXFileReference; fileEncoding = 4; lastKnownFileType = sourcecode.c.h; path = RKViewController.h; sourceTree = "<group>"; };
		CD4927F51846D22500E28B9A /* RKViewController.m */ = {isa = PBXFileReference; fileEncoding = 4; lastKnownFileType = sourcecode.c.objc; path = RKViewController.m; sourceTree = "<group>"; };
		CD992FDC18440D3D005B962D /* buzzClient-noncompat.p12 */ = {isa = PBXFileReference; lastKnownFileType = file; path = "buzzClient-noncompat.p12"; sourceTree = "<group>"; };
		CD992FDD18440D3D005B962D /* buzzClient.crt */ = {isa = PBXFileReference; fileEncoding = 4; lastKnownFileType = text; path = buzzClient.crt; sourceTree = "<group>"; };
		CD992FDE18440D3D005B962D /* buzzClient.csr */ = {isa = PBXFileReference; fileEncoding = 4; lastKnownFileType = text; path = buzzClient.csr; sourceTree = "<group>"; };
		CD992FDF18440D3D005B962D /* buzzClient.key */ = {isa = PBXFileReference; fileEncoding = 4; lastKnownFileType = text; path = buzzClient.key; sourceTree = "<group>"; };
		CD992FE018440D3D005B962D /* buzzClient.p12 */ = {isa = PBXFileReference; lastKnownFileType = file; path = buzzClient.p12; sourceTree = "<group>"; };
		CD992FE118440D3D005B962D /* buzzClient.pem */ = {isa = PBXFileReference; fileEncoding = 4; lastKnownFileType = text; path = buzzClient.pem; sourceTree = "<group>"; };
		CD992FEA1844C906005B962D /* buzzServer.der */ = {isa = PBXFileReference; lastKnownFileType = file; path = buzzServer.der; sourceTree = "<group>"; };
		CDB292B2184765D400415EBA /* BZUser.h */ = {isa = PBXFileReference; fileEncoding = 4; lastKnownFileType = sourcecode.c.h; path = BZUser.h; sourceTree = "<group>"; };
		CDB292B3184765D400415EBA /* BZUser.m */ = {isa = PBXFileReference; fileEncoding = 4; lastKnownFileType = sourcecode.c.objc; path = BZUser.m; sourceTree = "<group>"; };
		CDB292B51847733E00415EBA /* MappingProvider.h */ = {isa = PBXFileReference; fileEncoding = 4; lastKnownFileType = sourcecode.c.h; path = MappingProvider.h; sourceTree = "<group>"; };
		CDB292B61847733E00415EBA /* MappingProvider.m */ = {isa = PBXFileReference; fileEncoding = 4; lastKnownFileType = sourcecode.c.objc; path = MappingProvider.m; sourceTree = "<group>"; };
		CDFD35E5182E628300305665 /* MutualAuthTestHarness.app */ = {isa = PBXFileReference; explicitFileType = wrapper.application; includeInIndex = 0; path = MutualAuthTestHarness.app; sourceTree = BUILT_PRODUCTS_DIR; };
		CDFD35E8182E628300305665 /* Foundation.framework */ = {isa = PBXFileReference; lastKnownFileType = wrapper.framework; name = Foundation.framework; path = System/Library/Frameworks/Foundation.framework; sourceTree = SDKROOT; };
		CDFD35EA182E628300305665 /* CoreGraphics.framework */ = {isa = PBXFileReference; lastKnownFileType = wrapper.framework; name = CoreGraphics.framework; path = System/Library/Frameworks/CoreGraphics.framework; sourceTree = SDKROOT; };
		CDFD35EC182E628300305665 /* UIKit.framework */ = {isa = PBXFileReference; lastKnownFileType = wrapper.framework; name = UIKit.framework; path = System/Library/Frameworks/UIKit.framework; sourceTree = SDKROOT; };
		CDFD35F0182E628300305665 /* MutualAuthTestHarness-Info.plist */ = {isa = PBXFileReference; lastKnownFileType = text.plist.xml; path = "MutualAuthTestHarness-Info.plist"; sourceTree = "<group>"; };
		CDFD35F2182E628300305665 /* en */ = {isa = PBXFileReference; lastKnownFileType = text.plist.strings; name = en; path = en.lproj/InfoPlist.strings; sourceTree = "<group>"; };
		CDFD35F4182E628300305665 /* main.m */ = {isa = PBXFileReference; lastKnownFileType = sourcecode.c.objc; path = main.m; sourceTree = "<group>"; };
		CDFD35F6182E628300305665 /* MutualAuthTestHarness-Prefix.pch */ = {isa = PBXFileReference; lastKnownFileType = sourcecode.c.h; path = "MutualAuthTestHarness-Prefix.pch"; sourceTree = "<group>"; };
		CDFD35F7182E628300305665 /* AppDelegate.h */ = {isa = PBXFileReference; lastKnownFileType = sourcecode.c.h; path = AppDelegate.h; sourceTree = "<group>"; };
		CDFD35F8182E628300305665 /* AppDelegate.m */ = {isa = PBXFileReference; lastKnownFileType = sourcecode.c.objc; path = AppDelegate.m; sourceTree = "<group>"; };
		CDFD35FB182E628300305665 /* Base */ = {isa = PBXFileReference; lastKnownFileType = file.storyboard; name = Base; path = Base.lproj/Main.storyboard; sourceTree = "<group>"; };
		CDFD35FD182E628300305665 /* ViewController.h */ = {isa = PBXFileReference; lastKnownFileType = sourcecode.c.h; path = ViewController.h; sourceTree = "<group>"; };
		CDFD35FE182E628300305665 /* ViewController.m */ = {isa = PBXFileReference; lastKnownFileType = sourcecode.c.objc; path = ViewController.m; sourceTree = "<group>"; };
		CDFD3600182E628300305665 /* Images.xcassets */ = {isa = PBXFileReference; lastKnownFileType = folder.assetcatalog; path = Images.xcassets; sourceTree = "<group>"; };
		CDFD3606182E628300305665 /* MutualAuthTestHarnessTests.xctest */ = {isa = PBXFileReference; explicitFileType = wrapper.cfbundle; includeInIndex = 0; path = MutualAuthTestHarnessTests.xctest; sourceTree = BUILT_PRODUCTS_DIR; };
		CDFD3607182E628300305665 /* XCTest.framework */ = {isa = PBXFileReference; lastKnownFileType = wrapper.framework; name = XCTest.framework; path = Library/Frameworks/XCTest.framework; sourceTree = DEVELOPER_DIR; };
		CDFD360F182E628300305665 /* MutualAuthTestHarnessTests-Info.plist */ = {isa = PBXFileReference; lastKnownFileType = text.plist.xml; path = "MutualAuthTestHarnessTests-Info.plist"; sourceTree = "<group>"; };
		CDFD3611182E628300305665 /* en */ = {isa = PBXFileReference; lastKnownFileType = text.plist.strings; name = en; path = en.lproj/InfoPlist.strings; sourceTree = "<group>"; };
		CDFD3613182E628300305665 /* MutualAuthTestHarnessTests.m */ = {isa = PBXFileReference; lastKnownFileType = sourcecode.c.objc; path = MutualAuthTestHarnessTests.m; sourceTree = "<group>"; };
/* End PBXFileReference section */

/* Begin PBXFrameworksBuildPhase section */
		CDFD35E2182E628300305665 /* Frameworks */ = {
			isa = PBXFrameworksBuildPhase;
			buildActionMask = 2147483647;
			files = (
				CDFD35EB182E628300305665 /* CoreGraphics.framework in Frameworks */,
				CDFD35ED182E628300305665 /* UIKit.framework in Frameworks */,
				CDFD35E9182E628300305665 /* Foundation.framework in Frameworks */,
				F9367FA6608349BDAB6189BD /* libPods.a in Frameworks */,
			);
			runOnlyForDeploymentPostprocessing = 0;
		};
		CDFD3603182E628300305665 /* Frameworks */ = {
			isa = PBXFrameworksBuildPhase;
			buildActionMask = 2147483647;
			files = (
				CDFD3608182E628300305665 /* XCTest.framework in Frameworks */,
				CDFD360A182E628300305665 /* UIKit.framework in Frameworks */,
				CDFD3609182E628300305665 /* Foundation.framework in Frameworks */,
			);
			runOnlyForDeploymentPostprocessing = 0;
		};
/* End PBXFrameworksBuildPhase section */

/* Begin PBXGroup section */
		CD992FDB18440D3D005B962D /* certs */ = {
			isa = PBXGroup;
			children = (
				CD992FEA1844C906005B962D /* buzzServer.der */,
				CD992FDC18440D3D005B962D /* buzzClient-noncompat.p12 */,
				CD992FDD18440D3D005B962D /* buzzClient.crt */,
				CD992FDE18440D3D005B962D /* buzzClient.csr */,
				CD992FDF18440D3D005B962D /* buzzClient.key */,
				CD992FE018440D3D005B962D /* buzzClient.p12 */,
				CD992FE118440D3D005B962D /* buzzClient.pem */,
			);
			path = certs;
			sourceTree = "<group>";
		};
		CDFD35DC182E628300305665 = {
			isa = PBXGroup;
			children = (
				CDFD35EE182E628300305665 /* MutualAuthTestHarness */,
				CDFD360D182E628300305665 /* MutualAuthTestHarnessTests */,
				CDFD35E7182E628300305665 /* Frameworks */,
				CDFD35E6182E628300305665 /* Products */,
				8039E7AFDBB24DB7AF994D76 /* Pods.xcconfig */,
			);
			sourceTree = "<group>";
		};
		CDFD35E6182E628300305665 /* Products */ = {
			isa = PBXGroup;
			children = (
				CDFD35E5182E628300305665 /* MutualAuthTestHarness.app */,
				CDFD3606182E628300305665 /* MutualAuthTestHarnessTests.xctest */,
			);
			name = Products;
			sourceTree = "<group>";
		};
		CDFD35E7182E628300305665 /* Frameworks */ = {
			isa = PBXGroup;
			children = (
				CDFD35E8182E628300305665 /* Foundation.framework */,
				CDFD35EA182E628300305665 /* CoreGraphics.framework */,
				CDFD35EC182E628300305665 /* UIKit.framework */,
				CDFD3607182E628300305665 /* XCTest.framework */,
				A61059D6CE854CE1B1F17C9D /* libPods.a */,
			);
			name = Frameworks;
			sourceTree = "<group>";
		};
		CDFD35EE182E628300305665 /* MutualAuthTestHarness */ = {
			isa = PBXGroup;
			children = (
				CDFD35F7182E628300305665 /* AppDelegate.h */,
				CDFD35F8182E628300305665 /* AppDelegate.m */,
				CDFD35FA182E628300305665 /* Main.storyboard */,
				CDFD35FD182E628300305665 /* ViewController.h */,
				CDFD35FE182E628300305665 /* ViewController.m */,
				CD992FDB18440D3D005B962D /* certs */,
				CDFD3600182E628300305665 /* Images.xcassets */,
				CDFD35EF182E628300305665 /* Supporting Files */,
				CD4927F11846C2D500E28B9A /* BZHTTPRequestOperation.h */,
				CD4927F21846C2D500E28B9A /* BZHTTPRequestOperation.m */,
				CD4927F41846D22500E28B9A /* RKViewController.h */,
				CD4927F51846D22500E28B9A /* RKViewController.m */,
				CDB292B2184765D400415EBA /* BZUser.h */,
				CDB292B3184765D400415EBA /* BZUser.m */,
				CDB292B51847733E00415EBA /* MappingProvider.h */,
				CDB292B61847733E00415EBA /* MappingProvider.m */,
			);
			path = MutualAuthTestHarness;
			sourceTree = "<group>";
		};
		CDFD35EF182E628300305665 /* Supporting Files */ = {
			isa = PBXGroup;
			children = (
				CDFD35F0182E628300305665 /* MutualAuthTestHarness-Info.plist */,
				CDFD35F1182E628300305665 /* InfoPlist.strings */,
				CDFD35F4182E628300305665 /* main.m */,
				CDFD35F6182E628300305665 /* MutualAuthTestHarness-Prefix.pch */,
			);
			name = "Supporting Files";
			sourceTree = "<group>";
		};
		CDFD360D182E628300305665 /* MutualAuthTestHarnessTests */ = {
			isa = PBXGroup;
			children = (
				CDFD3613182E628300305665 /* MutualAuthTestHarnessTests.m */,
				CDFD360E182E628300305665 /* Supporting Files */,
			);
			path = MutualAuthTestHarnessTests;
			sourceTree = "<group>";
		};
		CDFD360E182E628300305665 /* Supporting Files */ = {
			isa = PBXGroup;
			children = (
				CDFD360F182E628300305665 /* MutualAuthTestHarnessTests-Info.plist */,
				CDFD3610182E628300305665 /* InfoPlist.strings */,
			);
			name = "Supporting Files";
			sourceTree = "<group>";
		};
/* End PBXGroup section */

/* Begin PBXNativeTarget section */
		CDFD35E4182E628300305665 /* MutualAuthTestHarness */ = {
			isa = PBXNativeTarget;
			buildConfigurationList = CDFD3617182E628300305665 /* Build configuration list for PBXNativeTarget "MutualAuthTestHarness" */;
			buildPhases = (
				2D3435FF456F4F438AB33F86 /* Check Pods Manifest.lock */,
				CDFD35E1182E628300305665 /* Sources */,
				CDFD35E2182E628300305665 /* Frameworks */,
				CDFD35E3182E628300305665 /* Resources */,
				0F0637625AED4DC2B45148C7 /* Copy Pods Resources */,
			);
			buildRules = (
			);
			dependencies = (
			);
			name = MutualAuthTestHarness;
			productName = MutualAuthTestHarness;
			productReference = CDFD35E5182E628300305665 /* MutualAuthTestHarness.app */;
			productType = "com.apple.product-type.application";
		};
		CDFD3605182E628300305665 /* MutualAuthTestHarnessTests */ = {
			isa = PBXNativeTarget;
			buildConfigurationList = CDFD361A182E628300305665 /* Build configuration list for PBXNativeTarget "MutualAuthTestHarnessTests" */;
			buildPhases = (
				CDFD3602182E628300305665 /* Sources */,
				CDFD3603182E628300305665 /* Frameworks */,
				CDFD3604182E628300305665 /* Resources */,
			);
			buildRules = (
			);
			dependencies = (
				CDFD360C182E628300305665 /* PBXTargetDependency */,
			);
			name = MutualAuthTestHarnessTests;
			productName = MutualAuthTestHarnessTests;
			productReference = CDFD3606182E628300305665 /* MutualAuthTestHarnessTests.xctest */;
			productType = "com.apple.product-type.bundle.unit-test";
		};
/* End PBXNativeTarget section */

/* Begin PBXProject section */
		CDFD35DD182E628300305665 /* Project object */ = {
			isa = PBXProject;
			attributes = {
				LastUpgradeCheck = 0500;
				ORGANIZATIONNAME = "Patrick King Consulting LLC";
				TargetAttributes = {
					CDFD3605182E628300305665 = {
						TestTargetID = CDFD35E4182E628300305665;
					};
				};
			};
			buildConfigurationList = CDFD35E0182E628300305665 /* Build configuration list for PBXProject "MutualAuthTestHarness" */;
			compatibilityVersion = "Xcode 3.2";
			developmentRegion = English;
			hasScannedForEncodings = 0;
			knownRegions = (
				en,
				Base,
			);
			mainGroup = CDFD35DC182E628300305665;
			productRefGroup = CDFD35E6182E628300305665 /* Products */;
			projectDirPath = "";
			projectRoot = "";
			targets = (
				CDFD35E4182E628300305665 /* MutualAuthTestHarness */,
				CDFD3605182E628300305665 /* MutualAuthTestHarnessTests */,
			);
		};
/* End PBXProject section */

/* Begin PBXResourcesBuildPhase section */
		CDFD35E3182E628300305665 /* Resources */ = {
			isa = PBXResourcesBuildPhase;
			buildActionMask = 2147483647;
			files = (
				CD992FE418440D3D005B962D /* buzzClient.csr in Resources */,
				CD992FE718440D3D005B962D /* buzzClient.pem in Resources */,
				CDFD3601182E628300305665 /* Images.xcassets in Resources */,
				CD992FE618440D3D005B962D /* buzzClient.p12 in Resources */,
				CDFD35F3182E628300305665 /* InfoPlist.strings in Resources */,
				CD992FE518440D3D005B962D /* buzzClient.key in Resources */,
				CD992FEB1844C906005B962D /* buzzServer.der in Resources */,
				CD992FE318440D3D005B962D /* buzzClient.crt in Resources */,
				CDFD35FC182E628300305665 /* Main.storyboard in Resources */,
				CD992FE218440D3D005B962D /* buzzClient-noncompat.p12 in Resources */,
			);
			runOnlyForDeploymentPostprocessing = 0;
		};
		CDFD3604182E628300305665 /* Resources */ = {
			isa = PBXResourcesBuildPhase;
			buildActionMask = 2147483647;
			files = (
				CDFD3612182E628300305665 /* InfoPlist.strings in Resources */,
			);
			runOnlyForDeploymentPostprocessing = 0;
		};
/* End PBXResourcesBuildPhase section */

/* Begin PBXShellScriptBuildPhase section */
		0F0637625AED4DC2B45148C7 /* Copy Pods Resources */ = {
			isa = PBXShellScriptBuildPhase;
			buildActionMask = 2147483647;
			files = (
			);
			inputPaths = (
			);
			name = "Copy Pods Resources";
			outputPaths = (
			);
			runOnlyForDeploymentPostprocessing = 0;
			shellPath = /bin/sh;
			shellScript = "\"${SRCROOT}/Pods/Pods-resources.sh\"\n";
			showEnvVarsInLog = 0;
		};
		2D3435FF456F4F438AB33F86 /* Check Pods Manifest.lock */ = {
			isa = PBXShellScriptBuildPhase;
			buildActionMask = 2147483647;
			files = (
			);
			inputPaths = (
			);
			name = "Check Pods Manifest.lock";
			outputPaths = (
			);
			runOnlyForDeploymentPostprocessing = 0;
			shellPath = /bin/sh;
			shellScript = "diff \"${PODS_ROOT}/../Podfile.lock\" \"${PODS_ROOT}/Manifest.lock\" > /dev/null\nif [[ $? != 0 ]] ; then\n    cat << EOM\nerror: The sandbox is not in sync with the Podfile.lock. Run 'pod install' or update your CocoaPods installation.\nEOM\n    exit 1\nfi\n";
			showEnvVarsInLog = 0;
		};
/* End PBXShellScriptBuildPhase section */

/* Begin PBXSourcesBuildPhase section */
		CDFD35E1182E628300305665 /* Sources */ = {
			isa = PBXSourcesBuildPhase;
			buildActionMask = 2147483647;
			files = (
				CD4927F61846D22500E28B9A /* RKViewController.m in Sources */,
				CDFD35FF182E628300305665 /* ViewController.m in Sources */,
				CD4927F31846C2D500E28B9A /* BZHTTPRequestOperation.m in Sources */,
				CDB292B71847733E00415EBA /* MappingProvider.m in Sources */,
				CDFD35F9182E628300305665 /* AppDelegate.m in Sources */,
				CDFD35F5182E628300305665 /* main.m in Sources */,
				CDB292B4184765D400415EBA /* BZUser.m in Sources */,
			);
			runOnlyForDeploymentPostprocessing = 0;
		};
		CDFD3602182E628300305665 /* Sources */ = {
			isa = PBXSourcesBuildPhase;
			buildActionMask = 2147483647;
			files = (
				CDFD3614182E628300305665 /* MutualAuthTestHarnessTests.m in Sources */,
			);
			runOnlyForDeploymentPostprocessing = 0;
		};
/* End PBXSourcesBuildPhase section */

/* Begin PBXTargetDependency section */
		CDFD360C182E628300305665 /* PBXTargetDependency */ = {
			isa = PBXTargetDependency;
			target = CDFD35E4182E628300305665 /* MutualAuthTestHarness */;
			targetProxy = CDFD360B182E628300305665 /* PBXContainerItemProxy */;
		};
/* End PBXTargetDependency section */

/* Begin PBXVariantGroup section */
		CDFD35F1182E628300305665 /* InfoPlist.strings */ = {
			isa = PBXVariantGroup;
			children = (
				CDFD35F2182E628300305665 /* en */,
			);
			name = InfoPlist.strings;
			sourceTree = "<group>";
		};
		CDFD35FA182E628300305665 /* Main.storyboard */ = {
			isa = PBXVariantGroup;
			children = (
				CDFD35FB182E628300305665 /* Base */,
			);
			name = Main.storyboard;
			sourceTree = "<group>";
		};
		CDFD3610182E628300305665 /* InfoPlist.strings */ = {
			isa = PBXVariantGroup;
			children = (
				CDFD3611182E628300305665 /* en */,
			);
			name = InfoPlist.strings;
			sourceTree = "<group>";
		};
/* End PBXVariantGroup section */

/* Begin XCBuildConfiguration section */
		CDFD3615182E628300305665 /* Debug */ = {
			isa = XCBuildConfiguration;
			buildSettings = {
				ALWAYS_SEARCH_USER_PATHS = NO;
				ARCHS = "$(ARCHS_STANDARD_INCLUDING_64_BIT)";
				CLANG_CXX_LANGUAGE_STANDARD = "gnu++0x";
				CLANG_CXX_LIBRARY = "libc++";
				CLANG_ENABLE_MODULES = YES;
				CLANG_ENABLE_OBJC_ARC = YES;
				CLANG_WARN_BOOL_CONVERSION = YES;
				CLANG_WARN_CONSTANT_CONVERSION = YES;
				CLANG_WARN_DIRECT_OBJC_ISA_USAGE = YES_ERROR;
				CLANG_WARN_EMPTY_BODY = YES;
				CLANG_WARN_ENUM_CONVERSION = YES;
				CLANG_WARN_INT_CONVERSION = YES;
				CLANG_WARN_OBJC_ROOT_CLASS = YES_ERROR;
				CLANG_WARN__DUPLICATE_METHOD_MATCH = YES;
				"CODE_SIGN_IDENTITY[sdk=iphoneos*]" = "iPhone Developer";
				COPY_PHASE_STRIP = NO;
				GCC_C_LANGUAGE_STANDARD = gnu99;
				GCC_DYNAMIC_NO_PIC = NO;
				GCC_OPTIMIZATION_LEVEL = 0;
				GCC_PREPROCESSOR_DEFINITIONS = (
					"DEBUG=1",
					"$(inherited)",
				);
				GCC_SYMBOLS_PRIVATE_EXTERN = NO;
				GCC_WARN_64_TO_32_BIT_CONVERSION = YES;
				GCC_WARN_ABOUT_RETURN_TYPE = YES_ERROR;
				GCC_WARN_UNDECLARED_SELECTOR = YES;
				GCC_WARN_UNINITIALIZED_AUTOS = YES;
				GCC_WARN_UNUSED_FUNCTION = YES;
				GCC_WARN_UNUSED_VARIABLE = YES;
				IPHONEOS_DEPLOYMENT_TARGET = 7.0;
				ONLY_ACTIVE_ARCH = YES;
				SDKROOT = iphoneos;
			};
			name = Debug;
		};
		CDFD3616182E628300305665 /* Release */ = {
			isa = XCBuildConfiguration;
			buildSettings = {
				ALWAYS_SEARCH_USER_PATHS = NO;
				ARCHS = "$(ARCHS_STANDARD_INCLUDING_64_BIT)";
				CLANG_CXX_LANGUAGE_STANDARD = "gnu++0x";
				CLANG_CXX_LIBRARY = "libc++";
				CLANG_ENABLE_MODULES = YES;
				CLANG_ENABLE_OBJC_ARC = YES;
				CLANG_WARN_BOOL_CONVERSION = YES;
				CLANG_WARN_CONSTANT_CONVERSION = YES;
				CLANG_WARN_DIRECT_OBJC_ISA_USAGE = YES_ERROR;
				CLANG_WARN_EMPTY_BODY = YES;
				CLANG_WARN_ENUM_CONVERSION = YES;
				CLANG_WARN_INT_CONVERSION = YES;
				CLANG_WARN_OBJC_ROOT_CLASS = YES_ERROR;
				CLANG_WARN__DUPLICATE_METHOD_MATCH = YES;
				"CODE_SIGN_IDENTITY[sdk=iphoneos*]" = "iPhone Developer";
				COPY_PHASE_STRIP = YES;
				ENABLE_NS_ASSERTIONS = NO;
				GCC_C_LANGUAGE_STANDARD = gnu99;
				GCC_WARN_64_TO_32_BIT_CONVERSION = YES;
				GCC_WARN_ABOUT_RETURN_TYPE = YES_ERROR;
				GCC_WARN_UNDECLARED_SELECTOR = YES;
				GCC_WARN_UNINITIALIZED_AUTOS = YES;
				GCC_WARN_UNUSED_FUNCTION = YES;
				GCC_WARN_UNUSED_VARIABLE = YES;
				IPHONEOS_DEPLOYMENT_TARGET = 7.0;
				SDKROOT = iphoneos;
				VALIDATE_PRODUCT = YES;
			};
			name = Release;
		};
		CDFD3618182E628300305665 /* Debug */ = {
			isa = XCBuildConfiguration;
			baseConfigurationReference = 8039E7AFDBB24DB7AF994D76 /* Pods.xcconfig */;
			buildSettings = {
				ASSETCATALOG_COMPILER_APPICON_NAME = AppIcon;
				ASSETCATALOG_COMPILER_LAUNCHIMAGE_NAME = LaunchImage;
				GCC_PRECOMPILE_PREFIX_HEADER = YES;
				GCC_PREFIX_HEADER = "MutualAuthTestHarness/MutualAuthTestHarness-Prefix.pch";
				INFOPLIST_FILE = "MutualAuthTestHarness/MutualAuthTestHarness-Info.plist";
				PRODUCT_NAME = "$(TARGET_NAME)";
				WRAPPER_EXTENSION = app;
			};
			name = Debug;
		};
		CDFD3619182E628300305665 /* Release */ = {
			isa = XCBuildConfiguration;
			baseConfigurationReference = 8039E7AFDBB24DB7AF994D76 /* Pods.xcconfig */;
			buildSettings = {
				ASSETCATALOG_COMPILER_APPICON_NAME = AppIcon;
				ASSETCATALOG_COMPILER_LAUNCHIMAGE_NAME = LaunchImage;
				GCC_PRECOMPILE_PREFIX_HEADER = YES;
				GCC_PREFIX_HEADER = "MutualAuthTestHarness/MutualAuthTestHarness-Prefix.pch";
				INFOPLIST_FILE = "MutualAuthTestHarness/MutualAuthTestHarness-Info.plist";
				PRODUCT_NAME = "$(TARGET_NAME)";
				WRAPPER_EXTENSION = app;
			};
			name = Release;
		};
		CDFD361B182E628300305665 /* Debug */ = {
			isa = XCBuildConfiguration;
			buildSettings = {
				ARCHS = "$(ARCHS_STANDARD_INCLUDING_64_BIT)";
				BUNDLE_LOADER = "$(BUILT_PRODUCTS_DIR)/MutualAuthTestHarness.app/MutualAuthTestHarness";
				FRAMEWORK_SEARCH_PATHS = (
					"$(SDKROOT)/Developer/Library/Frameworks",
					"$(inherited)",
					"$(DEVELOPER_FRAMEWORKS_DIR)",
				);
				GCC_PRECOMPILE_PREFIX_HEADER = YES;
				GCC_PREFIX_HEADER = "MutualAuthTestHarness/MutualAuthTestHarness-Prefix.pch";
				GCC_PREPROCESSOR_DEFINITIONS = (
					"DEBUG=1",
					"$(inherited)",
				);
				INFOPLIST_FILE = "MutualAuthTestHarnessTests/MutualAuthTestHarnessTests-Info.plist";
				PRODUCT_NAME = "$(TARGET_NAME)";
				TEST_HOST = "$(BUNDLE_LOADER)";
				WRAPPER_EXTENSION = xctest;
			};
			name = Debug;
		};
		CDFD361C182E628300305665 /* Release */ = {
			isa = XCBuildConfiguration;
			buildSettings = {
				ARCHS = "$(ARCHS_STANDARD_INCLUDING_64_BIT)";
				BUNDLE_LOADER = "$(BUILT_PRODUCTS_DIR)/MutualAuthTestHarness.app/MutualAuthTestHarness";
				FRAMEWORK_SEARCH_PATHS = (
					"$(SDKROOT)/Developer/Library/Frameworks",
					"$(inherited)",
					"$(DEVELOPER_FRAMEWORKS_DIR)",
				);
				GCC_PRECOMPILE_PREFIX_HEADER = YES;
				GCC_PREFIX_HEADER = "MutualAuthTestHarness/MutualAuthTestHarness-Prefix.pch";
				INFOPLIST_FILE = "MutualAuthTestHarnessTests/MutualAuthTestHarnessTests-Info.plist";
				PRODUCT_NAME = "$(TARGET_NAME)";
				TEST_HOST = "$(BUNDLE_LOADER)";
				WRAPPER_EXTENSION = xctest;
			};
			name = Release;
		};
/* End XCBuildConfiguration section */

/* Begin XCConfigurationList section */
		CDFD35E0182E628300305665 /* Build configuration list for PBXProject "MutualAuthTestHarness" */ = {
			isa = XCConfigurationList;
			buildConfigurations = (
				CDFD3615182E628300305665 /* Debug */,
				CDFD3616182E628300305665 /* Release */,
			);
			defaultConfigurationIsVisible = 0;
			defaultConfigurationName = Release;
		};
		CDFD3617182E628300305665 /* Build configuration list for PBXNativeTarget "MutualAuthTestHarness" */ = {
			isa = XCConfigurationList;
			buildConfigurations = (
				CDFD3618182E628300305665 /* Debug */,
				CDFD3619182E628300305665 /* Release */,
			);
			defaultConfigurationIsVisible = 0;
			defaultConfigurationName = Release;
		};
		CDFD361A182E628300305665 /* Build configuration list for PBXNativeTarget "MutualAuthTestHarnessTests" */ = {
			isa = XCConfigurationList;
			buildConfigurations = (
				CDFD361B182E628300305665 /* Debug */,
				CDFD361C182E628300305665 /* Release */,
			);
			defaultConfigurationIsVisible = 0;
			defaultConfigurationName = Release;
		};
/* End XCConfigurationList section */
	};
	rootObject = CDFD35DD182E628300305665 /* Project object */;
}
